// !$*UTF8*$!
{
	archiveVersion = 1;
	classes = {
	};
	objectVersion = 56;
	objects = {

/* Begin PBXBuildFile section */
		D582CA2A2AB16EA600A83771 /* AppDelegate.swift in Sources */ = {isa = PBXBuildFile; fileRef = D582CA292AB16EA600A83771 /* AppDelegate.swift */; };
		D582CA2C2AB16EA600A83771 /* SceneDelegate.swift in Sources */ = {isa = PBXBuildFile; fileRef = D582CA2B2AB16EA600A83771 /* SceneDelegate.swift */; };
		D582CA2E2AB16EA600A83771 /* ViewController.swift in Sources */ = {isa = PBXBuildFile; fileRef = D582CA2D2AB16EA600A83771 /* ViewController.swift */; };
		D582CA312AB16EA600A83771 /* Main.storyboard in Resources */ = {isa = PBXBuildFile; fileRef = D582CA2F2AB16EA600A83771 /* Main.storyboard */; };
		D582CA332AB16EA800A83771 /* Assets.xcassets in Resources */ = {isa = PBXBuildFile; fileRef = D582CA322AB16EA800A83771 /* Assets.xcassets */; };
		D582CA362AB16EA800A83771 /* LaunchScreen.storyboard in Resources */ = {isa = PBXBuildFile; fileRef = D582CA342AB16EA800A83771 /* LaunchScreen.storyboard */; };
		D582CA422AB16F6600A83771 /* NetworkManager.swift in Sources */ = {isa = PBXBuildFile; fileRef = D582CA412AB16F6600A83771 /* NetworkManager.swift */; };
		D582CA442AB16F8C00A83771 /* PostData.swift in Sources */ = {isa = PBXBuildFile; fileRef = D582CA432AB16F8C00A83771 /* PostData.swift */; };
		D582CA472AB3ECAF00A83771 /* CustomCell.swift in Sources */ = {isa = PBXBuildFile; fileRef = D582CA452AB3ECAF00A83771 /* CustomCell.swift */; };
		D582CA482AB3ECAF00A83771 /* CustomCell.xib in Resources */ = {isa = PBXBuildFile; fileRef = D582CA462AB3ECAF00A83771 /* CustomCell.xib */; };
		D5B502112AC29006008FB463 /* Alamofire in Frameworks */ = {isa = PBXBuildFile; productRef = D5B502102AC29006008FB463 /* Alamofire */; };
/* End PBXBuildFile section */

/* Begin PBXFileReference section */
		D582CA262AB16EA600A83771 /* HackerNews.app */ = {isa = PBXFileReference; explicitFileType = wrapper.application; includeInIndex = 0; path = HackerNews.app; sourceTree = BUILT_PRODUCTS_DIR; };
		D582CA292AB16EA600A83771 /* AppDelegate.swift */ = {isa = PBXFileReference; lastKnownFileType = sourcecode.swift; path = AppDelegate.swift; sourceTree = "<group>"; };
		D582CA2B2AB16EA600A83771 /* SceneDelegate.swift */ = {isa = PBXFileReference; lastKnownFileType = sourcecode.swift; path = SceneDelegate.swift; sourceTree = "<group>"; };
		D582CA2D2AB16EA600A83771 /* ViewController.swift */ = {isa = PBXFileReference; lastKnownFileType = sourcecode.swift; path = ViewController.swift; sourceTree = "<group>"; };
		D582CA302AB16EA600A83771 /* Base */ = {isa = PBXFileReference; lastKnownFileType = file.storyboard; name = Base; path = Base.lproj/Main.storyboard; sourceTree = "<group>"; };
		D582CA322AB16EA800A83771 /* Assets.xcassets */ = {isa = PBXFileReference; lastKnownFileType = folder.assetcatalog; path = Assets.xcassets; sourceTree = "<group>"; };
		D582CA352AB16EA800A83771 /* Base */ = {isa = PBXFileReference; lastKnownFileType = file.storyboard; name = Base; path = Base.lproj/LaunchScreen.storyboard; sourceTree = "<group>"; };
		D582CA372AB16EA800A83771 /* Info.plist */ = {isa = PBXFileReference; lastKnownFileType = text.plist.xml; path = Info.plist; sourceTree = "<group>"; };
		D582CA412AB16F6600A83771 /* NetworkManager.swift */ = {isa = PBXFileReference; lastKnownFileType = sourcecode.swift; path = NetworkManager.swift; sourceTree = "<group>"; };
		D582CA432AB16F8C00A83771 /* PostData.swift */ = {isa = PBXFileReference; lastKnownFileType = sourcecode.swift; path = PostData.swift; sourceTree = "<group>"; };
		D582CA452AB3ECAF00A83771 /* CustomCell.swift */ = {isa = PBXFileReference; lastKnownFileType = sourcecode.swift; path = CustomCell.swift; sourceTree = "<group>"; };
		D582CA462AB3ECAF00A83771 /* CustomCell.xib */ = {isa = PBXFileReference; lastKnownFileType = file.xib; path = CustomCell.xib; sourceTree = "<group>"; };
/* End PBXFileReference section */

/* Begin PBXFrameworksBuildPhase section */
		D582CA232AB16EA600A83771 /* Frameworks */ = {
			isa = PBXFrameworksBuildPhase;
			buildActionMask = 2147483647;
			files = (
				D5B502112AC29006008FB463 /* Alamofire in Frameworks */,
			);
			runOnlyForDeploymentPostprocessing = 0;
		};
/* End PBXFrameworksBuildPhase section */

/* Begin PBXGroup section */
		D582CA1D2AB16EA600A83771 = {
			isa = PBXGroup;
			children = (
				D582CA282AB16EA600A83771 /* HackerNews */,
				D582CA272AB16EA600A83771 /* Products */,
			);
			sourceTree = "<group>";
		};
		D582CA272AB16EA600A83771 /* Products */ = {
			isa = PBXGroup;
			children = (
				D582CA262AB16EA600A83771 /* HackerNews.app */,
			);
			name = Products;
			sourceTree = "<group>";
		};
		D582CA282AB16EA600A83771 /* HackerNews */ = {
			isa = PBXGroup;
			children = (
				D582CA3F2AB16F0700A83771 /* Model */,
				D582CA3D2AB16EF600A83771 /* View */,
				D582CA3E2AB16EFF00A83771 /* Controller */,
				D582CA402AB16F1400A83771 /* Others */,
				D582CA322AB16EA800A83771 /* Assets.xcassets */,
				D582CA342AB16EA800A83771 /* LaunchScreen.storyboard */,
				D582CA372AB16EA800A83771 /* Info.plist */,
			);
			path = HackerNews;
			sourceTree = "<group>";
		};
		D582CA3D2AB16EF600A83771 /* View */ = {
			isa = PBXGroup;
			children = (
				D582CA2F2AB16EA600A83771 /* Main.storyboard */,
				D582CA462AB3ECAF00A83771 /* CustomCell.xib */,
			);
			path = View;
			sourceTree = "<group>";
		};
		D582CA3E2AB16EFF00A83771 /* Controller */ = {
			isa = PBXGroup;
			children = (
				D582CA452AB3ECAF00A83771 /* CustomCell.swift */,
				D582CA2D2AB16EA600A83771 /* ViewController.swift */,
			);
			path = Controller;
			sourceTree = "<group>";
		};
		D582CA3F2AB16F0700A83771 /* Model */ = {
			isa = PBXGroup;
			children = (
				D582CA412AB16F6600A83771 /* NetworkManager.swift */,
				D582CA432AB16F8C00A83771 /* PostData.swift */,
			);
			path = Model;
			sourceTree = "<group>";
		};
		D582CA402AB16F1400A83771 /* Others */ = {
			isa = PBXGroup;
			children = (
				D582CA292AB16EA600A83771 /* AppDelegate.swift */,
				D582CA2B2AB16EA600A83771 /* SceneDelegate.swift */,
			);
			path = Others;
			sourceTree = "<group>";
		};
/* End PBXGroup section */

/* Begin PBXNativeTarget section */
		D582CA252AB16EA600A83771 /* HackerNews */ = {
			isa = PBXNativeTarget;
			buildConfigurationList = D582CA3A2AB16EA800A83771 /* Build configuration list for PBXNativeTarget "HackerNews" */;
			buildPhases = (
				D582CA222AB16EA600A83771 /* Sources */,
				D582CA232AB16EA600A83771 /* Frameworks */,
				D582CA242AB16EA600A83771 /* Resources */,
			);
			buildRules = (
			);
			dependencies = (
			);
			name = HackerNews;
			packageProductDependencies = (
				D5B502102AC29006008FB463 /* Alamofire */,
			);
			productName = HackerNews;
			productReference = D582CA262AB16EA600A83771 /* HackerNews.app */;
			productType = "com.apple.product-type.application";
		};
/* End PBXNativeTarget section */

/* Begin PBXProject section */
		D582CA1E2AB16EA600A83771 /* Project object */ = {
			isa = PBXProject;
			attributes = {
				BuildIndependentTargetsInParallel = 1;
				LastSwiftUpdateCheck = 1430;
				LastUpgradeCheck = 1500;
				TargetAttributes = {
					D582CA252AB16EA600A83771 = {
						CreatedOnToolsVersion = 14.3.1;
					};
				};
			};
			buildConfigurationList = D582CA212AB16EA600A83771 /* Build configuration list for PBXProject "HackerNews" */;
			compatibilityVersion = "Xcode 14.0";
			developmentRegion = en;
			hasScannedForEncodings = 0;
			knownRegions = (
				en,
				Base,
			);
			mainGroup = D582CA1D2AB16EA600A83771;
			packageReferences = (
				D5B5020F2AC29006008FB463 /* XCRemoteSwiftPackageReference "Alamofire" */,
			);
			productRefGroup = D582CA272AB16EA600A83771 /* Products */;
			projectDirPath = "";
			projectRoot = "";
			targets = (
				D582CA252AB16EA600A83771 /* HackerNews */,
			);
		};
/* End PBXProject section */

/* Begin PBXResourcesBuildPhase section */
		D582CA242AB16EA600A83771 /* Resources */ = {
			isa = PBXResourcesBuildPhase;
			buildActionMask = 2147483647;
			files = (
				D582CA482AB3ECAF00A83771 /* CustomCell.xib in Resources */,
				D582CA362AB16EA800A83771 /* LaunchScreen.storyboard in Resources */,
				D582CA332AB16EA800A83771 /* Assets.xcassets in Resources */,
				D582CA312AB16EA600A83771 /* Main.storyboard in Resources */,
			);
			runOnlyForDeploymentPostprocessing = 0;
		};
/* End PBXResourcesBuildPhase section */

/* Begin PBXSourcesBuildPhase section */
		D582CA222AB16EA600A83771 /* Sources */ = {
			isa = PBXSourcesBuildPhase;
			buildActionMask = 2147483647;
			files = (
				D582CA442AB16F8C00A83771 /* PostData.swift in Sources */,
				D582CA422AB16F6600A83771 /* NetworkManager.swift in Sources */,
				D582CA2E2AB16EA600A83771 /* ViewController.swift in Sources */,
				D582CA2A2AB16EA600A83771 /* AppDelegate.swift in Sources */,
				D582CA472AB3ECAF00A83771 /* CustomCell.swift in Sources */,
				D582CA2C2AB16EA600A83771 /* SceneDelegate.swift in Sources */,
			);
			runOnlyForDeploymentPostprocessing = 0;
		};
/* End PBXSourcesBuildPhase section */

/* Begin PBXVariantGroup section */
		D582CA2F2AB16EA600A83771 /* Main.storyboard */ = {
			isa = PBXVariantGroup;
			children = (
				D582CA302AB16EA600A83771 /* Base */,
			);
			name = Main.storyboard;
			sourceTree = "<group>";
		};
		D582CA342AB16EA800A83771 /* LaunchScreen.storyboard */ = {
			isa = PBXVariantGroup;
			children = (
				D582CA352AB16EA800A83771 /* Base */,
			);
			name = LaunchScreen.storyboard;
			sourceTree = "<group>";
		};
/* End PBXVariantGroup section */

/* Begin XCBuildConfiguration section */
		D582CA382AB16EA800A83771 /* Debug */ = {
			isa = XCBuildConfiguration;
			buildSettings = {
				ALWAYS_SEARCH_USER_PATHS = NO;
				CLANG_ANALYZER_NONNULL = YES;
				CLANG_ANALYZER_NUMBER_OBJECT_CONVERSION = YES_AGGRESSIVE;
				CLANG_CXX_LANGUAGE_STANDARD = "gnu++20";
				CLANG_ENABLE_MODULES = YES;
				CLANG_ENABLE_OBJC_ARC = YES;
				CLANG_ENABLE_OBJC_WEAK = YES;
				CLANG_WARN_BLOCK_CAPTURE_AUTORELEASING = YES;
				CLANG_WARN_BOOL_CONVERSION = YES;
				CLANG_WARN_COMMA = YES;
				CLANG_WARN_CONSTANT_CONVERSION = YES;
				CLANG_WARN_DEPRECATED_OBJC_IMPLEMENTATIONS = YES;
				CLANG_WARN_DIRECT_OBJC_ISA_USAGE = YES_ERROR;
				CLANG_WARN_DOCUMENTATION_COMMENTS = YES;
				CLANG_WARN_EMPTY_BODY = YES;
				CLANG_WARN_ENUM_CONVERSION = YES;
				CLANG_WARN_INFINITE_RECURSION = YES;
				CLANG_WARN_INT_CONVERSION = YES;
				CLANG_WARN_NON_LITERAL_NULL_CONVERSION = YES;
				CLANG_WARN_OBJC_IMPLICIT_RETAIN_SELF = YES;
				CLANG_WARN_OBJC_LITERAL_CONVERSION = YES;
				CLANG_WARN_OBJC_ROOT_CLASS = YES_ERROR;
				CLANG_WARN_QUOTED_INCLUDE_IN_FRAMEWORK_HEADER = YES;
				CLANG_WARN_RANGE_LOOP_ANALYSIS = YES;
				CLANG_WARN_STRICT_PROTOTYPES = YES;
				CLANG_WARN_SUSPICIOUS_MOVE = YES;
				CLANG_WARN_UNGUARDED_AVAILABILITY = YES_AGGRESSIVE;
				CLANG_WARN_UNREACHABLE_CODE = YES;
				CLANG_WARN__DUPLICATE_METHOD_MATCH = YES;
				COPY_PHASE_STRIP = NO;
				DEBUG_INFORMATION_FORMAT = dwarf;
				ENABLE_STRICT_OBJC_MSGSEND = YES;
				ENABLE_TESTABILITY = YES;
				ENABLE_USER_SCRIPT_SANDBOXING = YES;
				GCC_C_LANGUAGE_STANDARD = gnu11;
				GCC_DYNAMIC_NO_PIC = NO;
				GCC_NO_COMMON_BLOCKS = YES;
				GCC_OPTIMIZATION_LEVEL = 0;
				GCC_PREPROCESSOR_DEFINITIONS = (
					"DEBUG=1",
					"$(inherited)",
				);
				GCC_WARN_64_TO_32_BIT_CONVERSION = YES;
				GCC_WARN_ABOUT_RETURN_TYPE = YES_ERROR;
				GCC_WARN_UNDECLARED_SELECTOR = YES;
				GCC_WARN_UNINITIALIZED_AUTOS = YES_AGGRESSIVE;
				GCC_WARN_UNUSED_FUNCTION = YES;
				GCC_WARN_UNUSED_VARIABLE = YES;
				IPHONEOS_DEPLOYMENT_TARGET = 16.4;
				MTL_ENABLE_DEBUG_INFO = INCLUDE_SOURCE;
				MTL_FAST_MATH = YES;
				ONLY_ACTIVE_ARCH = YES;
				SDKROOT = iphoneos;
				SWIFT_ACTIVE_COMPILATION_CONDITIONS = DEBUG;
				SWIFT_OPTIMIZATION_LEVEL = "-Onone";
			};
			name = Debug;
		};
		D582CA392AB16EA800A83771 /* Release */ = {
			isa = XCBuildConfiguration;
			buildSettings = {
				ALWAYS_SEARCH_USER_PATHS = NO;
				CLANG_ANALYZER_NONNULL = YES;
				CLANG_ANALYZER_NUMBER_OBJECT_CONVERSION = YES_AGGRESSIVE;
				CLANG_CXX_LANGUAGE_STANDARD = "gnu++20";
				CLANG_ENABLE_MODULES = YES;
				CLANG_ENABLE_OBJC_ARC = YES;
				CLANG_ENABLE_OBJC_WEAK = YES;
				CLANG_WARN_BLOCK_CAPTURE_AUTORELEASING = YES;
				CLANG_WARN_BOOL_CONVERSION = YES;
				CLANG_WARN_COMMA = YES;
				CLANG_WARN_CONSTANT_CONVERSION = YES;
				CLANG_WARN_DEPRECATED_OBJC_IMPLEMENTATIONS = YES;
				CLANG_WARN_DIRECT_OBJC_ISA_USAGE = YES_ERROR;
				CLANG_WARN_DOCUMENTATION_COMMENTS = YES;
				CLANG_WARN_EMPTY_BODY = YES;
				CLANG_WARN_ENUM_CONVERSION = YES;
				CLANG_WARN_INFINITE_RECURSION = YES;
				CLANG_WARN_INT_CONVERSION = YES;
				CLANG_WARN_NON_LITERAL_NULL_CONVERSION = YES;
				CLANG_WARN_OBJC_IMPLICIT_RETAIN_SELF = YES;
				CLANG_WARN_OBJC_LITERAL_CONVERSION = YES;
				CLANG_WARN_OBJC_ROOT_CLASS = YES_ERROR;
				CLANG_WARN_QUOTED_INCLUDE_IN_FRAMEWORK_HEADER = YES;
				CLANG_WARN_RANGE_LOOP_ANALYSIS = YES;
				CLANG_WARN_STRICT_PROTOTYPES = YES;
				CLANG_WARN_SUSPICIOUS_MOVE = YES;
				CLANG_WARN_UNGUARDED_AVAILABILITY = YES_AGGRESSIVE;
				CLANG_WARN_UNREACHABLE_CODE = YES;
				CLANG_WARN__DUPLICATE_METHOD_MATCH = YES;
				COPY_PHASE_STRIP = NO;
				DEBUG_INFORMATION_FORMAT = "dwarf-with-dsym";
				ENABLE_NS_ASSERTIONS = NO;
				ENABLE_STRICT_OBJC_MSGSEND = YES;
				ENABLE_USER_SCRIPT_SANDBOXING = YES;
				GCC_C_LANGUAGE_STANDARD = gnu11;
				GCC_NO_COMMON_BLOCKS = YES;
				GCC_WARN_64_TO_32_BIT_CONVERSION = YES;
				GCC_WARN_ABOUT_RETURN_TYPE = YES_ERROR;
				GCC_WARN_UNDECLARED_SELECTOR = YES;
				GCC_WARN_UNINITIALIZED_AUTOS = YES_AGGRESSIVE;
				GCC_WARN_UNUSED_FUNCTION = YES;
				GCC_WARN_UNUSED_VARIABLE = YES;
				IPHONEOS_DEPLOYMENT_TARGET = 16.4;
				MTL_ENABLE_DEBUG_INFO = NO;
				MTL_FAST_MATH = YES;
				SDKROOT = iphoneos;
				SWIFT_COMPILATION_MODE = wholemodule;
				SWIFT_OPTIMIZATION_LEVEL = "-O";
				VALIDATE_PRODUCT = YES;
			};
			name = Release;
		};
		D582CA3B2AB16EA800A83771 /* Debug */ = {
			isa = XCBuildConfiguration;
			buildSettings = {
				ASSETCATALOG_COMPILER_APPICON_NAME = AppIcon;
				ASSETCATALOG_COMPILER_GLOBAL_ACCENT_COLOR_NAME = AccentColor;
				CODE_SIGN_STYLE = Automatic;
				CURRENT_PROJECT_VERSION = 1;
				DEVELOPMENT_TEAM = L32D7223NN;
				GENERATE_INFOPLIST_FILE = YES;
				INFOPLIST_FILE = HackerNews/Info.plist;
				INFOPLIST_KEY_UIApplicationSupportsIndirectInputEvents = YES;
				INFOPLIST_KEY_UILaunchStoryboardName = LaunchScreen;
				INFOPLIST_KEY_UIMainStoryboardFile = Main;
				INFOPLIST_KEY_UISupportedInterfaceOrientations_iPad = "UIInterfaceOrientationPortrait UIInterfaceOrientationPortraitUpsideDown UIInterfaceOrientationLandscapeLeft UIInterfaceOrientationLandscapeRight";
				INFOPLIST_KEY_UISupportedInterfaceOrientations_iPhone = "UIInterfaceOrientationPortrait UIInterfaceOrientationLandscapeLeft UIInterfaceOrientationLandscapeRight";
				IPHONEOS_DEPLOYMENT_TARGET = 15.0;
				LD_RUNPATH_SEARCH_PATHS = (
					"$(inherited)",
					"@executable_path/Frameworks",
				);
				MARKETING_VERSION = 1.0;
				PRODUCT_BUNDLE_IDENTIFIER = "KVN.Practice-iOS.test.HackerNews";
				PRODUCT_NAME = "$(TARGET_NAME)";
				SWIFT_EMIT_LOC_STRINGS = YES;
				SWIFT_VERSION = 5.0;
				TARGETED_DEVICE_FAMILY = "1,2";
			};
			name = Debug;
		};
		D582CA3C2AB16EA800A83771 /* Release */ = {
			isa = XCBuildConfiguration;
			buildSettings = {
				ASSETCATALOG_COMPILER_APPICON_NAME = AppIcon;
				ASSETCATALOG_COMPILER_GLOBAL_ACCENT_COLOR_NAME = AccentColor;
				CODE_SIGN_STYLE = Automatic;
				CURRENT_PROJECT_VERSION = 1;
				DEVELOPMENT_TEAM = L32D7223NN;
				GENERATE_INFOPLIST_FILE = YES;
				INFOPLIST_FILE = HackerNews/Info.plist;
				INFOPLIST_KEY_UIApplicationSupportsIndirectInputEvents = YES;
				INFOPLIST_KEY_UILaunchStoryboardName = LaunchScreen;
				INFOPLIST_KEY_UIMainStoryboardFile = Main;
				INFOPLIST_KEY_UISupportedInterfaceOrientations_iPad = "UIInterfaceOrientationPortrait UIInterfaceOrientationPortraitUpsideDown UIInterfaceOrientationLandscapeLeft UIInterfaceOrientationLandscapeRight";
				INFOPLIST_KEY_UISupportedInterfaceOrientations_iPhone = "UIInterfaceOrientationPortrait UIInterfaceOrientationLandscapeLeft UIInterfaceOrientationLandscapeRight";
				IPHONEOS_DEPLOYMENT_TARGET = 15.0;
				LD_RUNPATH_SEARCH_PATHS = (
					"$(inherited)",
					"@executable_path/Frameworks",
				);
				MARKETING_VERSION = 1.0;
				PRODUCT_BUNDLE_IDENTIFIER = "KVN.Practice-iOS.test.HackerNews";
				PRODUCT_NAME = "$(TARGET_NAME)";
				SWIFT_EMIT_LOC_STRINGS = YES;
				SWIFT_VERSION = 5.0;
				TARGETED_DEVICE_FAMILY = "1,2";
			};
			name = Release;
		};
/* End XCBuildConfiguration section */

/* Begin XCConfigurationList section */
		D582CA212AB16EA600A83771 /* Build configuration list for PBXProject "HackerNews" */ = {
			isa = XCConfigurationList;
			buildConfigurations = (
				D582CA382AB16EA800A83771 /* Debug */,
				D582CA392AB16EA800A83771 /* Release */,
			);
			defaultConfigurationIsVisible = 0;
			defaultConfigurationName = Release;
		};
		D582CA3A2AB16EA800A83771 /* Build configuration list for PBXNativeTarget "HackerNews" */ = {
			isa = XCConfigurationList;
			buildConfigurations = (
				D582CA3B2AB16EA800A83771 /* Debug */,
				D582CA3C2AB16EA800A83771 /* Release */,
			);
			defaultConfigurationIsVisible = 0;
			defaultConfigurationName = Release;
		};
/* End XCConfigurationList section */

/* Begin XCRemoteSwiftPackageReference section */
		D5B5020F2AC29006008FB463 /* XCRemoteSwiftPackageReference "Alamofire" */ = {
			isa = XCRemoteSwiftPackageReference;
			repositoryURL = "https://github.com/Alamofire/Alamofire.git";
			requirement = {
				kind = upToNextMajorVersion;
				minimumVersion = 5.8.0;
			};
		};
/* End XCRemoteSwiftPackageReference section */

/* Begin XCSwiftPackageProductDependency section */
		D5B502102AC29006008FB463 /* Alamofire */ = {
			isa = XCSwiftPackageProductDependency;
			package = D5B5020F2AC29006008FB463 /* XCRemoteSwiftPackageReference "Alamofire" */;
			productName = Alamofire;
		};
/* End XCSwiftPackageProductDependency section */
	};
	rootObject = D582CA1E2AB16EA600A83771 /* Project object */;
}
